
Microsoft Visual Studio Solution File, Format Version 12.00
# Visual Studio Version 17
VisualStudioVersion = 17.8.34330.188
MinimumVisualStudioVersion = 10.0.40219.1
Project("{8BC9CEB8-8B4A-11D0-8D11-00A0C91BC942}") = "Factory Pattern", "Factory Pattern\Factory Pattern.vcxproj", "{243B0F46-50E3-4340-A3A5-671946B8E920}"
EndProject
Project("{2150E333-8FDC-42A3-9474-1A3956D46DE8}") = "Creational Patterns", "Creational Patterns", "{570D162A-D047-473B-8103-4735AAD7C358}"
EndProject
Project("{8BC9CEB8-8B4A-11D0-8D11-00A0C91BC942}") = "Abstract Factory Pattern", "Abstract Factory Pattern\Abstract Factory Pattern.vcxproj", "{E8F24A76-9436-4CD4-A488-6A54D72C192A}"
EndProject
Project("{8BC9CEB8-8B4A-11D0-8D11-00A0C91BC942}") = "Singleton Pattern", "Singleton Pattern\Singleton Pattern.vcxproj", "{2A0FA646-BA96-49CA-83F0-1A419DC24BDD}"
EndProject
Project("{8BC9CEB8-8B4A-11D0-8D11-00A0C91BC942}") = "Builder Pattern", "Builder Pattern\Builder Pattern.vcxproj", "{B2325F01-F4F2-46CA-97A5-E0BF99109439}"
EndProject
Project("{8BC9CEB8-8B4A-11D0-8D11-00A0C91BC942}") = "Prototype Pattern", "Prototype Pattern\Prototype Pattern.vcxproj", "{542577E2-DF00-49D3-A472-D5B91F4570FC}"
EndProject
Project("{2150E333-8FDC-42A3-9474-1A3956D46DE8}") = "Structural Patterns", "Structural Patterns", "{344F8704-9857-4712-A703-56BF415B0935}"
EndProject
Project("{8BC9CEB8-8B4A-11D0-8D11-00A0C91BC942}") = "Adapter Pattern", "Adapter Pattern\Adapter Pattern.vcxproj", "{41E2DA0C-00C2-436B-8881-02CFDA5AED4C}"
EndProject
Project("{8BC9CEB8-8B4A-11D0-8D11-00A0C91BC942}") = "Bridge Pattern", "Bridge Pattern\Bridge Pattern.vcxproj", "{030B51B4-6137-43B0-9F41-30DA8ADCF959}"
EndProject
Project("{8BC9CEB8-8B4A-11D0-8D11-00A0C91BC942}") = "Filter Pattern (Criteria Pattern)", "Filter Pattern\Filter Pattern.vcxproj", "{C3CBCF13-8822-42C8-BFDF-B3000BEE3340}"
EndProject
Project("{8BC9CEB8-8B4A-11D0-8D11-00A0C91BC942}") = "Composite Pattern", "Composite Pattern\Composite Pattern.vcxproj", "{F3151C44-1FFB-4256-9FEF-2CDAB6095B53}"
EndProject
Project("{8BC9CEB8-8B4A-11D0-8D11-00A0C91BC942}") = "Decorator Pattern", "Decorator Pattern\Decorator Pattern.vcxproj", "{989B09CD-A2C7-4FB7-B187-C4F30DA2F1AA}"
EndProject
Project("{8BC9CEB8-8B4A-11D0-8D11-00A0C91BC942}") = "Facade Pattern", "Facade Pattern\Facade Pattern.vcxproj", "{42A246A8-C5D8-4B3C-A08C-8424A1550BEF}"
EndProject
Project("{8BC9CEB8-8B4A-11D0-8D11-00A0C91BC942}") = "Flyweight Pattern", "Flyweight Pattern\Flyweight Pattern.vcxproj", "{C6E06BDC-8230-482E-B204-5D2402B89D62}"
EndProject
Project("{8BC9CEB8-8B4A-11D0-8D11-00A0C91BC942}") = "Proxy Pattern", "Proxy Pattern\Proxy Pattern.vcxproj", "{C251FFA7-01B8-486A-A206-EE88F794F5C0}"
EndProject
Project("{2150E333-8FDC-42A3-9474-1A3956D46DE8}") = "Behavioral Patterns", "Behavioral Patterns", "{76128B82-D314-455B-BF77-6EA995849FA1}"
EndProject
Project("{8BC9CEB8-8B4A-11D0-8D11-00A0C91BC942}") = "Chain of Responsibility Pattern", "Chain of Responsibility Pattern\Chain of Responsibility Pattern.vcxproj", "{1F07C12A-5D62-43A4-88AC-5EB9CA115D7F}"
EndProject
Project("{8BC9CEB8-8B4A-11D0-8D11-00A0C91BC942}") = "Command Pattern", "Command Pattern\Command Pattern.vcxproj", "{5B85CBDE-1882-4099-85FE-23FAD21842CA}"
EndProject
Project("{8BC9CEB8-8B4A-11D0-8D11-00A0C91BC942}") = "Interpreter Pattern", "Interpreter Pattern\Interpreter Pattern.vcxproj", "{6D1DC927-5545-4D04-874A-58B117D12272}"
EndProject
Project("{8BC9CEB8-8B4A-11D0-8D11-00A0C91BC942}") = "Iterator Pattern", "Iterator Pattern\Iterator Pattern.vcxproj", "{362A9A5F-63F3-48E7-8212-1C12898C44F7}"
EndProject
Project("{8BC9CEB8-8B4A-11D0-8D11-00A0C91BC942}") = "Mediator Pattern", "Mediator Pattern\Mediator Pattern.vcxproj", "{D27D5574-D83A-4208-9E1F-3B3180E3AD05}"
EndProject
Project("{8BC9CEB8-8B4A-11D0-8D11-00A0C91BC942}") = "Memento Pattern", "Memento Pattern\Memento Pattern.vcxproj", "{1E7962DF-CF2D-4572-B2E5-F729A96F020A}"
EndProject
Project("{8BC9CEB8-8B4A-11D0-8D11-00A0C91BC942}") = "Observer Pattern", "Observer Pattern\Observer Pattern.vcxproj", "{99EAFC0A-F400-47C2-8F1D-11102D83D329}"
EndProject
Project("{8BC9CEB8-8B4A-11D0-8D11-00A0C91BC942}") = "State Pattern", "State Pattern\State Pattern.vcxproj", "{AE796495-7B27-4C13-8CDA-BE9DA3A9B4EA}"
EndProject
Project("{8BC9CEB8-8B4A-11D0-8D11-00A0C91BC942}") = "Null Object Pattern", "Null Object Pattern\Null Object Pattern.vcxproj", "{3B3BA6FA-0ABF-421D-B86E-2047B9F85059}"
EndProject
Project("{8BC9CEB8-8B4A-11D0-8D11-00A0C91BC942}") = "Strategy Pattern", "Strategy Pattern\Strategy Pattern.vcxproj", "{EBA607C2-B307-4F9A-9A15-8DFF1E137C37}"
EndProject
Project("{8BC9CEB8-8B4A-11D0-8D11-00A0C91BC942}") = "Template Pattern", "Template Pattern\Template Pattern.vcxproj", "{99C15638-0D10-4C93-954A-B54258EDDB29}"
EndProject
Project("{8BC9CEB8-8B4A-11D0-8D11-00A0C91BC942}") = "Visitor Pattern", "Visitor Pattern\Visitor Pattern.vcxproj", "{D519C59D-01A1-4CE8-93DD-D62D634141FA}"
EndProject
Global
	GlobalSection(SolutionConfigurationPlatforms) = preSolution
		Debug|x64 = Debug|x64
		Debug|x86 = Debug|x86
		Release|x64 = Release|x64
		Release|x86 = Release|x86
	EndGlobalSection
	GlobalSection(ProjectConfigurationPlatforms) = postSolution
		{243B0F46-50E3-4340-A3A5-671946B8E920}.Debug|x64.ActiveCfg = Debug|x64
		{243B0F46-50E3-4340-A3A5-671946B8E920}.Debug|x64.Build.0 = Debug|x64
		{243B0F46-50E3-4340-A3A5-671946B8E920}.Debug|x86.ActiveCfg = Debug|Win32
		{243B0F46-50E3-4340-A3A5-671946B8E920}.Debug|x86.Build.0 = Debug|Win32
		{243B0F46-50E3-4340-A3A5-671946B8E920}.Release|x64.ActiveCfg = Release|x64
		{243B0F46-50E3-4340-A3A5-671946B8E920}.Release|x64.Build.0 = Release|x64
		{243B0F46-50E3-4340-A3A5-671946B8E920}.Release|x86.ActiveCfg = Release|Win32
		{243B0F46-50E3-4340-A3A5-671946B8E920}.Release|x86.Build.0 = Release|Win32
		{E8F24A76-9436-4CD4-A488-6A54D72C192A}.Debug|x64.ActiveCfg = Debug|x64
		{E8F24A76-9436-4CD4-A488-6A54D72C192A}.Debug|x64.Build.0 = Debug|x64
		{E8F24A76-9436-4CD4-A488-6A54D72C192A}.Debug|x86.ActiveCfg = Debug|Win32
		{E8F24A76-9436-4CD4-A488-6A54D72C192A}.Debug|x86.Build.0 = Debug|Win32
		{E8F24A76-9436-4CD4-A488-6A54D72C192A}.Release|x64.ActiveCfg = Release|x64
		{E8F24A76-9436-4CD4-A488-6A54D72C192A}.Release|x64.Build.0 = Release|x64
		{E8F24A76-9436-4CD4-A488-6A54D72C192A}.Release|x86.ActiveCfg = Release|Win32
		{E8F24A76-9436-4CD4-A488-6A54D72C192A}.Release|x86.Build.0 = Release|Win32
		{2A0FA646-BA96-49CA-83F0-1A419DC24BDD}.Debug|x64.ActiveCfg = Debug|x64
		{2A0FA646-BA96-49CA-83F0-1A419DC24BDD}.Debug|x64.Build.0 = Debug|x64
		{2A0FA646-BA96-49CA-83F0-1A419DC24BDD}.Debug|x86.ActiveCfg = Debug|Win32
		{2A0FA646-BA96-49CA-83F0-1A419DC24BDD}.Debug|x86.Build.0 = Debug|Win32
		{2A0FA646-BA96-49CA-83F0-1A419DC24BDD}.Release|x64.ActiveCfg = Release|x64
		{2A0FA646-BA96-49CA-83F0-1A419DC24BDD}.Release|x64.Build.0 = Release|x64
		{2A0FA646-BA96-49CA-83F0-1A419DC24BDD}.Release|x86.ActiveCfg = Release|Win32
		{2A0FA646-BA96-49CA-83F0-1A419DC24BDD}.Release|x86.Build.0 = Release|Win32
		{B2325F01-F4F2-46CA-97A5-E0BF99109439}.Debug|x64.ActiveCfg = Debug|x64
		{B2325F01-F4F2-46CA-97A5-E0BF99109439}.Debug|x64.Build.0 = Debug|x64
		{B2325F01-F4F2-46CA-97A5-E0BF99109439}.Debug|x86.ActiveCfg = Debug|Win32
		{B2325F01-F4F2-46CA-97A5-E0BF99109439}.Debug|x86.Build.0 = Debug|Win32
		{B2325F01-F4F2-46CA-97A5-E0BF99109439}.Release|x64.ActiveCfg = Release|x64
		{B2325F01-F4F2-46CA-97A5-E0BF99109439}.Release|x64.Build.0 = Release|x64
		{B2325F01-F4F2-46CA-97A5-E0BF99109439}.Release|x86.ActiveCfg = Release|Win32
		{B2325F01-F4F2-46CA-97A5-E0BF99109439}.Release|x86.Build.0 = Release|Win32
		{542577E2-DF00-49D3-A472-D5B91F4570FC}.Debug|x64.ActiveCfg = Debug|x64
		{542577E2-DF00-49D3-A472-D5B91F4570FC}.Debug|x64.Build.0 = Debug|x64
		{542577E2-DF00-49D3-A472-D5B91F4570FC}.Debug|x86.ActiveCfg = Debug|Win32
		{542577E2-DF00-49D3-A472-D5B91F4570FC}.Debug|x86.Build.0 = Debug|Win32
		{542577E2-DF00-49D3-A472-D5B91F4570FC}.Release|x64.ActiveCfg = Release|x64
		{542577E2-DF00-49D3-A472-D5B91F4570FC}.Release|x64.Build.0 = Release|x64
		{542577E2-DF00-49D3-A472-D5B91F4570FC}.Release|x86.ActiveCfg = Release|Win32
		{542577E2-DF00-49D3-A472-D5B91F4570FC}.Release|x86.Build.0 = Release|Win32
		{41E2DA0C-00C2-436B-8881-02CFDA5AED4C}.Debug|x64.ActiveCfg = Debug|x64
		{41E2DA0C-00C2-436B-8881-02CFDA5AED4C}.Debug|x64.Build.0 = Debug|x64
		{41E2DA0C-00C2-436B-8881-02CFDA5AED4C}.Debug|x86.ActiveCfg = Debug|Win32
		{41E2DA0C-00C2-436B-8881-02CFDA5AED4C}.Debug|x86.Build.0 = Debug|Win32
		{41E2DA0C-00C2-436B-8881-02CFDA5AED4C}.Release|x64.ActiveCfg = Release|x64
		{41E2DA0C-00C2-436B-8881-02CFDA5AED4C}.Release|x64.Build.0 = Release|x64
		{41E2DA0C-00C2-436B-8881-02CFDA5AED4C}.Release|x86.ActiveCfg = Release|Win32
		{41E2DA0C-00C2-436B-8881-02CFDA5AED4C}.Release|x86.Build.0 = Release|Win32
		{030B51B4-6137-43B0-9F41-30DA8ADCF959}.Debug|x64.ActiveCfg = Debug|x64
		{030B51B4-6137-43B0-9F41-30DA8ADCF959}.Debug|x64.Build.0 = Debug|x64
		{030B51B4-6137-43B0-9F41-30DA8ADCF959}.Debug|x86.ActiveCfg = Debug|Win32
		{030B51B4-6137-43B0-9F41-30DA8ADCF959}.Debug|x86.Build.0 = Debug|Win32
		{030B51B4-6137-43B0-9F41-30DA8ADCF959}.Release|x64.ActiveCfg = Release|x64
		{030B51B4-6137-43B0-9F41-30DA8ADCF959}.Release|x64.Build.0 = Release|x64
		{030B51B4-6137-43B0-9F41-30DA8ADCF959}.Release|x86.ActiveCfg = Release|Win32
		{030B51B4-6137-43B0-9F41-30DA8ADCF959}.Release|x86.Build.0 = Release|Win32
		{C3CBCF13-8822-42C8-BFDF-B3000BEE3340}.Debug|x64.ActiveCfg = Debug|x64
		{C3CBCF13-8822-42C8-BFDF-B3000BEE3340}.Debug|x64.Build.0 = Debug|x64
		{C3CBCF13-8822-42C8-BFDF-B3000BEE3340}.Debug|x86.ActiveCfg = Debug|Win32
		{C3CBCF13-8822-42C8-BFDF-B3000BEE3340}.Debug|x86.Build.0 = Debug|Win32
		{C3CBCF13-8822-42C8-BFDF-B3000BEE3340}.Release|x64.ActiveCfg = Release|x64
		{C3CBCF13-8822-42C8-BFDF-B3000BEE3340}.Release|x64.Build.0 = Release|x64
		{C3CBCF13-8822-42C8-BFDF-B3000BEE3340}.Release|x86.ActiveCfg = Release|Win32
		{C3CBCF13-8822-42C8-BFDF-B3000BEE3340}.Release|x86.Build.0 = Release|Win32
		{F3151C44-1FFB-4256-9FEF-2CDAB6095B53}.Debug|x64.ActiveCfg = Debug|x64
		{F3151C44-1FFB-4256-9FEF-2CDAB6095B53}.Debug|x64.Build.0 = Debug|x64
		{F3151C44-1FFB-4256-9FEF-2CDAB6095B53}.Debug|x86.ActiveCfg = Debug|Win32
		{F3151C44-1FFB-4256-9FEF-2CDAB6095B53}.Debug|x86.Build.0 = Debug|Win32
		{F3151C44-1FFB-4256-9FEF-2CDAB6095B53}.Release|x64.ActiveCfg = Release|x64
		{F3151C44-1FFB-4256-9FEF-2CDAB6095B53}.Release|x64.Build.0 = Release|x64
		{F3151C44-1FFB-4256-9FEF-2CDAB6095B53}.Release|x86.ActiveCfg = Release|Win32
		{F3151C44-1FFB-4256-9FEF-2CDAB6095B53}.Release|x86.Build.0 = Release|Win32
		{989B09CD-A2C7-4FB7-B187-C4F30DA2F1AA}.Debug|x64.ActiveCfg = Debug|x64
		{989B09CD-A2C7-4FB7-B187-C4F30DA2F1AA}.Debug|x64.Build.0 = Debug|x64
		{989B09CD-A2C7-4FB7-B187-C4F30DA2F1AA}.Debug|x86.ActiveCfg = Debug|Win32
		{989B09CD-A2C7-4FB7-B187-C4F30DA2F1AA}.Debug|x86.Build.0 = Debug|Win32
		{989B09CD-A2C7-4FB7-B187-C4F30DA2F1AA}.Release|x64.ActiveCfg = Release|x64
		{989B09CD-A2C7-4FB7-B187-C4F30DA2F1AA}.Release|x64.Build.0 = Release|x64
		{989B09CD-A2C7-4FB7-B187-C4F30DA2F1AA}.Release|x86.ActiveCfg = Release|Win32
		{989B09CD-A2C7-4FB7-B187-C4F30DA2F1AA}.Release|x86.Build.0 = Release|Win32
		{42A246A8-C5D8-4B3C-A08C-8424A1550BEF}.Debug|x64.ActiveCfg = Debug|x64
		{42A246A8-C5D8-4B3C-A08C-8424A1550BEF}.Debug|x64.Build.0 = Debug|x64
		{42A246A8-C5D8-4B3C-A08C-8424A1550BEF}.Debug|x86.ActiveCfg = Debug|Win32
		{42A246A8-C5D8-4B3C-A08C-8424A1550BEF}.Debug|x86.Build.0 = Debug|Win32
		{42A246A8-C5D8-4B3C-A08C-8424A1550BEF}.Release|x64.ActiveCfg = Release|x64
		{42A246A8-C5D8-4B3C-A08C-8424A1550BEF}.Release|x64.Build.0 = Release|x64
		{42A246A8-C5D8-4B3C-A08C-8424A1550BEF}.Release|x86.ActiveCfg = Release|Win32
		{42A246A8-C5D8-4B3C-A08C-8424A1550BEF}.Release|x86.Build.0 = Release|Win32
		{C6E06BDC-8230-482E-B204-5D2402B89D62}.Debug|x64.ActiveCfg = Debug|x64
		{C6E06BDC-8230-482E-B204-5D2402B89D62}.Debug|x64.Build.0 = Debug|x64
		{C6E06BDC-8230-482E-B204-5D2402B89D62}.Debug|x86.ActiveCfg = Debug|Win32
		{C6E06BDC-8230-482E-B204-5D2402B89D62}.Debug|x86.Build.0 = Debug|Win32
		{C6E06BDC-8230-482E-B204-5D2402B89D62}.Release|x64.ActiveCfg = Release|x64
		{C6E06BDC-8230-482E-B204-5D2402B89D62}.Release|x64.Build.0 = Release|x64
		{C6E06BDC-8230-482E-B204-5D2402B89D62}.Release|x86.ActiveCfg = Release|Win32
		{C6E06BDC-8230-482E-B204-5D2402B89D62}.Release|x86.Build.0 = Release|Win32
		{C251FFA7-01B8-486A-A206-EE88F794F5C0}.Debug|x64.ActiveCfg = Debug|x64
		{C251FFA7-01B8-486A-A206-EE88F794F5C0}.Debug|x64.Build.0 = Debug|x64
		{C251FFA7-01B8-486A-A206-EE88F794F5C0}.Debug|x86.ActiveCfg = Debug|Win32
		{C251FFA7-01B8-486A-A206-EE88F794F5C0}.Debug|x86.Build.0 = Debug|Win32
		{C251FFA7-01B8-486A-A206-EE88F794F5C0}.Release|x64.ActiveCfg = Release|x64
		{C251FFA7-01B8-486A-A206-EE88F794F5C0}.Release|x64.Build.0 = Release|x64
		{C251FFA7-01B8-486A-A206-EE88F794F5C0}.Release|x86.ActiveCfg = Release|Win32
		{C251FFA7-01B8-486A-A206-EE88F794F5C0}.Release|x86.Build.0 = Release|Win32
		{1F07C12A-5D62-43A4-88AC-5EB9CA115D7F}.Debug|x64.ActiveCfg = Debug|x64
		{1F07C12A-5D62-43A4-88AC-5EB9CA115D7F}.Debug|x64.Build.0 = Debug|x64
		{1F07C12A-5D62-43A4-88AC-5EB9CA115D7F}.Debug|x86.ActiveCfg = Debug|Win32
		{1F07C12A-5D62-43A4-88AC-5EB9CA115D7F}.Debug|x86.Build.0 = Debug|Win32
		{1F07C12A-5D62-43A4-88AC-5EB9CA115D7F}.Release|x64.ActiveCfg = Release|x64
		{1F07C12A-5D62-43A4-88AC-5EB9CA115D7F}.Release|x64.Build.0 = Release|x64
		{1F07C12A-5D62-43A4-88AC-5EB9CA115D7F}.Release|x86.ActiveCfg = Release|Win32
		{1F07C12A-5D62-43A4-88AC-5EB9CA115D7F}.Release|x86.Build.0 = Release|Win32
		{5B85CBDE-1882-4099-85FE-23FAD21842CA}.Debug|x64.ActiveCfg = Debug|x64
		{5B85CBDE-1882-4099-85FE-23FAD21842CA}.Debug|x64.Build.0 = Debug|x64
		{5B85CBDE-1882-4099-85FE-23FAD21842CA}.Debug|x86.ActiveCfg = Debug|Win32
		{5B85CBDE-1882-4099-85FE-23FAD21842CA}.Debug|x86.Build.0 = Debug|Win32
		{5B85CBDE-1882-4099-85FE-23FAD21842CA}.Release|x64.ActiveCfg = Release|x64
		{5B85CBDE-1882-4099-85FE-23FAD21842CA}.Release|x64.Build.0 = Release|x64
		{5B85CBDE-1882-4099-85FE-23FAD21842CA}.Release|x86.ActiveCfg = Release|Win32
		{5B85CBDE-1882-4099-85FE-23FAD21842CA}.Release|x86.Build.0 = Release|Win32
		{6D1DC927-5545-4D04-874A-58B117D12272}.Debug|x64.ActiveCfg = Debug|x64
		{6D1DC927-5545-4D04-874A-58B117D12272}.Debug|x64.Build.0 = Debug|x64
		{6D1DC927-5545-4D04-874A-58B117D12272}.Debug|x86.ActiveCfg = Debug|Win32
		{6D1DC927-5545-4D04-874A-58B117D12272}.Debug|x86.Build.0 = Debug|Win32
		{6D1DC927-5545-4D04-874A-58B117D12272}.Release|x64.ActiveCfg = Release|x64
		{6D1DC927-5545-4D04-874A-58B117D12272}.Release|x64.Build.0 = Release|x64
		{6D1DC927-5545-4D04-874A-58B117D12272}.Release|x86.ActiveCfg = Release|Win32
		{6D1DC927-5545-4D04-874A-58B117D12272}.Release|x86.Build.0 = Release|Win32
		{362A9A5F-63F3-48E7-8212-1C12898C44F7}.Debug|x64.ActiveCfg = Debug|x64
		{362A9A5F-63F3-48E7-8212-1C12898C44F7}.Debug|x64.Build.0 = Debug|x64
		{362A9A5F-63F3-48E7-8212-1C12898C44F7}.Debug|x86.ActiveCfg = Debug|Win32
		{362A9A5F-63F3-48E7-8212-1C12898C44F7}.Debug|x86.Build.0 = Debug|Win32
		{362A9A5F-63F3-48E7-8212-1C12898C44F7}.Release|x64.ActiveCfg = Release|x64
		{362A9A5F-63F3-48E7-8212-1C12898C44F7}.Release|x64.Build.0 = Release|x64
		{362A9A5F-63F3-48E7-8212-1C12898C44F7}.Release|x86.ActiveCfg = Release|Win32
		{362A9A5F-63F3-48E7-8212-1C12898C44F7}.Release|x86.Build.0 = Release|Win32
		{D27D5574-D83A-4208-9E1F-3B3180E3AD05}.Debug|x64.ActiveCfg = Debug|x64
		{D27D5574-D83A-4208-9E1F-3B3180E3AD05}.Debug|x64.Build.0 = Debug|x64
		{D27D5574-D83A-4208-9E1F-3B3180E3AD05}.Debug|x86.ActiveCfg = Debug|Win32
		{D27D5574-D83A-4208-9E1F-3B3180E3AD05}.Debug|x86.Build.0 = Debug|Win32
		{D27D5574-D83A-4208-9E1F-3B3180E3AD05}.Release|x64.ActiveCfg = Release|x64
		{D27D5574-D83A-4208-9E1F-3B3180E3AD05}.Release|x64.Build.0 = Release|x64
		{D27D5574-D83A-4208-9E1F-3B3180E3AD05}.Release|x86.ActiveCfg = Release|Win32
		{D27D5574-D83A-4208-9E1F-3B3180E3AD05}.Release|x86.Build.0 = Release|Win32
		{1E7962DF-CF2D-4572-B2E5-F729A96F020A}.Debug|x64.ActiveCfg = Debug|x64
		{1E7962DF-CF2D-4572-B2E5-F729A96F020A}.Debug|x64.Build.0 = Debug|x64
		{1E7962DF-CF2D-4572-B2E5-F729A96F020A}.Debug|x86.ActiveCfg = Debug|Win32
		{1E7962DF-CF2D-4572-B2E5-F729A96F020A}.Debug|x86.Build.0 = Debug|Win32
		{1E7962DF-CF2D-4572-B2E5-F729A96F020A}.Release|x64.ActiveCfg = Release|x64
		{1E7962DF-CF2D-4572-B2E5-F729A96F020A}.Release|x64.Build.0 = Release|x64
		{1E7962DF-CF2D-4572-B2E5-F729A96F020A}.Release|x86.ActiveCfg = Release|Win32
		{1E7962DF-CF2D-4572-B2E5-F729A96F020A}.Release|x86.Build.0 = Release|Win32
		{99EAFC0A-F400-47C2-8F1D-11102D83D329}.Debug|x64.ActiveCfg = Debug|x64
		{99EAFC0A-F400-47C2-8F1D-11102D83D329}.Debug|x64.Build.0 = Debug|x64
		{99EAFC0A-F400-47C2-8F1D-11102D83D329}.Debug|x86.ActiveCfg = Debug|Win32
		{99EAFC0A-F400-47C2-8F1D-11102D83D329}.Debug|x86.Build.0 = Debug|Win32
		{99EAFC0A-F400-47C2-8F1D-11102D83D329}.Release|x64.ActiveCfg = Release|x64
		{99EAFC0A-F400-47C2-8F1D-11102D83D329}.Release|x64.Build.0 = Release|x64
		{99EAFC0A-F400-47C2-8F1D-11102D83D329}.Release|x86.ActiveCfg = Release|Win32
		{99EAFC0A-F400-47C2-8F1D-11102D83D329}.Release|x86.Build.0 = Release|Win32
		{AE796495-7B27-4C13-8CDA-BE9DA3A9B4EA}.Debug|x64.ActiveCfg = Debug|x64
		{AE796495-7B27-4C13-8CDA-BE9DA3A9B4EA}.Debug|x64.Build.0 = Debug|x64
		{AE796495-7B27-4C13-8CDA-BE9DA3A9B4EA}.Debug|x86.ActiveCfg = Debug|Win32
		{AE796495-7B27-4C13-8CDA-BE9DA3A9B4EA}.Debug|x86.Build.0 = Debug|Win32
		{AE796495-7B27-4C13-8CDA-BE9DA3A9B4EA}.Release|x64.ActiveCfg = Release|x64
		{AE796495-7B27-4C13-8CDA-BE9DA3A9B4EA}.Release|x64.Build.0 = Release|x64
		{AE796495-7B27-4C13-8CDA-BE9DA3A9B4EA}.Release|x86.ActiveCfg = Release|Win32
		{AE796495-7B27-4C13-8CDA-BE9DA3A9B4EA}.Release|x86.Build.0 = Release|Win32
		{3B3BA6FA-0ABF-421D-B86E-2047B9F85059}.Debug|x64.ActiveCfg = Debug|x64
		{3B3BA6FA-0ABF-421D-B86E-2047B9F85059}.Debug|x64.Build.0 = Debug|x64
		{3B3BA6FA-0ABF-421D-B86E-2047B9F85059}.Debug|x86.ActiveCfg = Debug|Win32
		{3B3BA6FA-0ABF-421D-B86E-2047B9F85059}.Debug|x86.Build.0 = Debug|Win32
		{3B3BA6FA-0ABF-421D-B86E-2047B9F85059}.Release|x64.ActiveCfg = Release|x64
		{3B3BA6FA-0ABF-421D-B86E-2047B9F85059}.Release|x64.Build.0 = Release|x64
		{3B3BA6FA-0ABF-421D-B86E-2047B9F85059}.Release|x86.ActiveCfg = Release|Win32
		{3B3BA6FA-0ABF-421D-B86E-2047B9F85059}.Release|x86.Build.0 = Release|Win32
		{EBA607C2-B307-4F9A-9A15-8DFF1E137C37}.Debug|x64.ActiveCfg = Debug|x64
		{EBA607C2-B307-4F9A-9A15-8DFF1E137C37}.Debug|x64.Build.0 = Debug|x64
		{EBA607C2-B307-4F9A-9A15-8DFF1E137C37}.Debug|x86.ActiveCfg = Debug|Win32
		{EBA607C2-B307-4F9A-9A15-8DFF1E137C37}.Debug|x86.Build.0 = Debug|Win32
		{EBA607C2-B307-4F9A-9A15-8DFF1E137C37}.Release|x64.ActiveCfg = Release|x64
		{EBA607C2-B307-4F9A-9A15-8DFF1E137C37}.Release|x64.Build.0 = Release|x64
		{EBA607C2-B307-4F9A-9A15-8DFF1E137C37}.Release|x86.ActiveCfg = Release|Win32
		{EBA607C2-B307-4F9A-9A15-8DFF1E137C37}.Release|x86.Build.0 = Release|Win32
		{99C15638-0D10-4C93-954A-B54258EDDB29}.Debug|x64.ActiveCfg = Debug|x64
		{99C15638-0D10-4C93-954A-B54258EDDB29}.Debug|x64.Build.0 = Debug|x64
		{99C15638-0D10-4C93-954A-B54258EDDB29}.Debug|x86.ActiveCfg = Debug|Win32
		{99C15638-0D10-4C93-954A-B54258EDDB29}.Debug|x86.Build.0 = Debug|Win32
		{99C15638-0D10-4C93-954A-B54258EDDB29}.Release|x64.ActiveCfg = Release|x64
		{99C15638-0D10-4C93-954A-B54258EDDB29}.Release|x64.Build.0 = Release|x64
		{99C15638-0D10-4C93-954A-B54258EDDB29}.Release|x86.ActiveCfg = Release|Win32
		{99C15638-0D10-4C93-954A-B54258EDDB29}.Release|x86.Build.0 = Release|Win32
		{D519C59D-01A1-4CE8-93DD-D62D634141FA}.Debug|x64.ActiveCfg = Debug|x64
		{D519C59D-01A1-4CE8-93DD-D62D634141FA}.Debug|x64.Build.0 = Debug|x64
		{D519C59D-01A1-4CE8-93DD-D62D634141FA}.Debug|x86.ActiveCfg = Debug|Win32
		{D519C59D-01A1-4CE8-93DD-D62D634141FA}.Debug|x86.Build.0 = Debug|Win32
		{D519C59D-01A1-4CE8-93DD-D62D634141FA}.Release|x64.ActiveCfg = Release|x64
		{D519C59D-01A1-4CE8-93DD-D62D634141FA}.Release|x64.Build.0 = Release|x64
		{D519C59D-01A1-4CE8-93DD-D62D634141FA}.Release|x86.ActiveCfg = Release|Win32
		{D519C59D-01A1-4CE8-93DD-D62D634141FA}.Release|x86.Build.0 = Release|Win32
	EndGlobalSection
	GlobalSection(SolutionProperties) = preSolution
		HideSolutionNode = FALSE
	EndGlobalSection
	GlobalSection(NestedProjects) = preSolution
		{243B0F46-50E3-4340-A3A5-671946B8E920} = {570D162A-D047-473B-8103-4735AAD7C358}
		{E8F24A76-9436-4CD4-A488-6A54D72C192A} = {570D162A-D047-473B-8103-4735AAD7C358}
		{2A0FA646-BA96-49CA-83F0-1A419DC24BDD} = {570D162A-D047-473B-8103-4735AAD7C358}
		{B2325F01-F4F2-46CA-97A5-E0BF99109439} = {570D162A-D047-473B-8103-4735AAD7C358}
		{542577E2-DF00-49D3-A472-D5B91F4570FC} = {570D162A-D047-473B-8103-4735AAD7C358}
		{41E2DA0C-00C2-436B-8881-02CFDA5AED4C} = {344F8704-9857-4712-A703-56BF415B0935}
		{030B51B4-6137-43B0-9F41-30DA8ADCF959} = {344F8704-9857-4712-A703-56BF415B0935}
		{C3CBCF13-8822-42C8-BFDF-B3000BEE3340} = {344F8704-9857-4712-A703-56BF415B0935}
		{F3151C44-1FFB-4256-9FEF-2CDAB6095B53} = {344F8704-9857-4712-A703-56BF415B0935}
		{989B09CD-A2C7-4FB7-B187-C4F30DA2F1AA} = {344F8704-9857-4712-A703-56BF415B0935}
		{42A246A8-C5D8-4B3C-A08C-8424A1550BEF} = {344F8704-9857-4712-A703-56BF415B0935}
		{C6E06BDC-8230-482E-B204-5D2402B89D62} = {344F8704-9857-4712-A703-56BF415B0935}
		{C251FFA7-01B8-486A-A206-EE88F794F5C0} = {344F8704-9857-4712-A703-56BF415B0935}
		{1F07C12A-5D62-43A4-88AC-5EB9CA115D7F} = {76128B82-D314-455B-BF77-6EA995849FA1}
		{5B85CBDE-1882-4099-85FE-23FAD21842CA} = {76128B82-D314-455B-BF77-6EA995849FA1}
		{6D1DC927-5545-4D04-874A-58B117D12272} = {76128B82-D314-455B-BF77-6EA995849FA1}
		{362A9A5F-63F3-48E7-8212-1C12898C44F7} = {76128B82-D314-455B-BF77-6EA995849FA1}
		{D27D5574-D83A-4208-9E1F-3B3180E3AD05} = {76128B82-D314-455B-BF77-6EA995849FA1}
		{1E7962DF-CF2D-4572-B2E5-F729A96F020A} = {76128B82-D314-455B-BF77-6EA995849FA1}
		{99EAFC0A-F400-47C2-8F1D-11102D83D329} = {76128B82-D314-455B-BF77-6EA995849FA1}
		{AE796495-7B27-4C13-8CDA-BE9DA3A9B4EA} = {76128B82-D314-455B-BF77-6EA995849FA1}
		{3B3BA6FA-0ABF-421D-B86E-2047B9F85059} = {76128B82-D314-455B-BF77-6EA995849FA1}
		{EBA607C2-B307-4F9A-9A15-8DFF1E137C37} = {76128B82-D314-455B-BF77-6EA995849FA1}
		{99C15638-0D10-4C93-954A-B54258EDDB29} = {76128B82-D314-455B-BF77-6EA995849FA1}
		{D519C59D-01A1-4CE8-93DD-D62D634141FA} = {76128B82-D314-455B-BF77-6EA995849FA1}
	EndGlobalSection
	GlobalSection(ExtensibilityGlobals) = postSolution
		SolutionGuid = {089BEFBC-B41D-4A71-A72F-D5D30A2C8BB8}
	EndGlobalSection
EndGlobal
