<?xml version="1.0" encoding="utf-8"?>
<Project ToolsVersion="4.0" xmlns="http://schemas.microsoft.com/developer/msbuild/2003">
  <ItemGroup>
    <Filter Include="源文件">
      <UniqueIdentifier>{4FC737F1-C7A5-4376-A066-2A32D752A2FF}</UniqueIdentifier>
      <Extensions>cpp;c;cc;cxx;c++;cppm;ixx;def;odl;idl;hpj;bat;asm;asmx</Extensions>
    </Filter>
    <Filter Include="头文件">
      <UniqueIdentifier>{93995380-89BD-4b04-88EB-625FBE52EBFB}</UniqueIdentifier>
      <Extensions>h;hh;hpp;hxx;h++;hm;inl;inc;ipp;xsd</Extensions>
    </Filter>
    <Filter Include="资源文件">
      <UniqueIdentifier>{67DA6AB6-F800-4c08-8B7A-83BB121AAD01}</UniqueIdentifier>
      <Extensions>rc;ico;cur;bmp;dlg;rc2;rct;bin;rgs;gif;jpg;jpeg;jpe;resx;tiff;tif;png;wav;mfcribbon-ms</Extensions>
    </Filter>
    <Filter Include="头文件\抽象类%28接口%29">
      <UniqueIdentifier>{229bd5a6-cd8a-4d81-b60f-c26d71559c2a}</UniqueIdentifier>
    </Filter>
    <Filter Include="头文件\实体类">
      <UniqueIdentifier>{4fbc9741-f757-4c01-a346-b81d1cd81bc6}</UniqueIdentifier>
    </Filter>
    <Filter Include="头文件\实体类\实体观察者类">
      <UniqueIdentifier>{df2c1cd9-9e7d-49ec-abd4-6e35126dd591}</UniqueIdentifier>
    </Filter>
  </ItemGroup>
  <ItemGroup>
    <ClInclude Include="Observer.h">
      <Filter>头文件\抽象类%28接口%29</Filter>
    </ClInclude>
    <ClInclude Include="Subject.h">
      <Filter>头文件\实体类</Filter>
    </ClInclude>
    <ClInclude Include="BinaryObserver.h">
      <Filter>头文件\实体类\实体观察者类</Filter>
    </ClInclude>
    <ClInclude Include="OctalObserver.h">
      <Filter>头文件\实体类\实体观察者类</Filter>
    </ClInclude>
    <ClInclude Include="HexaObserver.h">
      <Filter>头文件\实体类\实体观察者类</Filter>
    </ClInclude>
  </ItemGroup>
  <ItemGroup>
    <ClCompile Include="main.cpp">
      <Filter>源文件</Filter>
    </ClCompile>
  </ItemGroup>
</Project>