<?xml version="1.0" encoding="utf-8"?>
<Project ToolsVersion="4.0" xmlns="http://schemas.microsoft.com/developer/msbuild/2003">
  <ItemGroup>
    <Filter Include="源文件">
      <UniqueIdentifier>{4FC737F1-C7A5-4376-A066-2A32D752A2FF}</UniqueIdentifier>
      <Extensions>cpp;c;cc;cxx;c++;cppm;ixx;def;odl;idl;hpj;bat;asm;asmx</Extensions>
    </Filter>
    <Filter Include="头文件">
      <UniqueIdentifier>{93995380-89BD-4b04-88EB-625FBE52EBFB}</UniqueIdentifier>
      <Extensions>h;hh;hpp;hxx;h++;hm;inl;inc;ipp;xsd</Extensions>
    </Filter>
    <Filter Include="资源文件">
      <UniqueIdentifier>{67DA6AB6-F800-4c08-8B7A-83BB121AAD01}</UniqueIdentifier>
      <Extensions>rc;ico;cur;bmp;dlg;rc2;rct;bin;rgs;gif;jpg;jpeg;jpe;resx;tiff;tif;png;wav;mfcribbon-ms</Extensions>
    </Filter>
    <Filter Include="头文件\过滤器%28标准%29接口">
      <UniqueIdentifier>{abcf3c04-b48d-4689-a2d6-429b964cd04a}</UniqueIdentifier>
    </Filter>
    <Filter Include="头文件\被过滤的类">
      <UniqueIdentifier>{76b9a87f-3ce6-4de5-89f3-d1f58834d4d7}</UniqueIdentifier>
    </Filter>
    <Filter Include="头文件\过滤器%28标准%29接口的实体类">
      <UniqueIdentifier>{463e4730-a8b2-434d-bc4c-11add6307f42}</UniqueIdentifier>
    </Filter>
    <Filter Include="头文件\过滤器%28标准%29接口的实体类\单过滤器">
      <UniqueIdentifier>{5491b404-b99c-4735-abca-d759e4d58561}</UniqueIdentifier>
    </Filter>
    <Filter Include="头文件\过滤器%28标准%29接口的实体类\组合过滤器">
      <UniqueIdentifier>{336dc00e-3097-4eaf-8d01-baf2307b4a0e}</UniqueIdentifier>
    </Filter>
    <Filter Include="源文件\过滤器%28标准%29接口的实体类">
      <UniqueIdentifier>{46287012-58c8-488c-9d8e-bcd9a25e28e8}</UniqueIdentifier>
    </Filter>
    <Filter Include="源文件\过滤器%28标准%29接口的实体类\组合过滤器">
      <UniqueIdentifier>{57c82d09-6228-4dcc-ae7f-1df0a94f75db}</UniqueIdentifier>
    </Filter>
    <Filter Include="源文件\过滤器%28标准%29接口的实体类\单过滤器">
      <UniqueIdentifier>{8d9fe9d1-58cf-4d4c-bcaf-be6c2ad1ce31}</UniqueIdentifier>
    </Filter>
  </ItemGroup>
  <ItemGroup>
    <ClInclude Include="Person.h">
      <Filter>头文件\被过滤的类</Filter>
    </ClInclude>
    <ClInclude Include="Criteria.h">
      <Filter>头文件\过滤器%28标准%29接口</Filter>
    </ClInclude>
    <ClInclude Include="AndCriteria.h">
      <Filter>头文件\过滤器%28标准%29接口的实体类\组合过滤器</Filter>
    </ClInclude>
    <ClInclude Include="OrCriteria.h">
      <Filter>头文件\过滤器%28标准%29接口的实体类\组合过滤器</Filter>
    </ClInclude>
    <ClInclude Include="CriteriaFemale.h">
      <Filter>头文件\过滤器%28标准%29接口的实体类\单过滤器</Filter>
    </ClInclude>
    <ClInclude Include="CriteriaMale.h">
      <Filter>头文件\过滤器%28标准%29接口的实体类\单过滤器</Filter>
    </ClInclude>
    <ClInclude Include="CriteriaSingle.h">
      <Filter>头文件\过滤器%28标准%29接口的实体类\单过滤器</Filter>
    </ClInclude>
  </ItemGroup>
  <ItemGroup>
    <ClCompile Include="AndCriteria.cpp">
      <Filter>源文件\过滤器%28标准%29接口的实体类\组合过滤器</Filter>
    </ClCompile>
    <ClCompile Include="OrCriteria.cpp">
      <Filter>源文件\过滤器%28标准%29接口的实体类\组合过滤器</Filter>
    </ClCompile>
    <ClCompile Include="CriteriaFemale.cpp">
      <Filter>源文件\过滤器%28标准%29接口的实体类\单过滤器</Filter>
    </ClCompile>
    <ClCompile Include="CriteriaMale.cpp">
      <Filter>源文件\过滤器%28标准%29接口的实体类\单过滤器</Filter>
    </ClCompile>
    <ClCompile Include="CriteriaSingle.cpp">
      <Filter>源文件\过滤器%28标准%29接口的实体类\单过滤器</Filter>
    </ClCompile>
    <ClCompile Include="main.cpp">
      <Filter>源文件</Filter>
    </ClCompile>
  </ItemGroup>
</Project>